
Microsoft Visual Studio Solution File, Format Version 12.00
# Visual Studio Version 16
VisualStudioVersion = 16.0.29102.190
MinimumVisualStudioVersion = 10.0.40219.1
Project("{FAE04EC0-301F-11D3-BF4B-00C04F79EFBC}") = "WebApplication1", "WebApplication1\WebApplication1.csproj", "{BC3A8D1D-8BB0-4BA8-B3A9-93801B6160BB}"
EndProject
Global
	GlobalSection(SolutionConfigurationPlatforms) = preSolution
		Debug|Any CPU = Debug|Any CPU
		Release|Any CPU = Release|Any CPU
	EndGlobalSection
	GlobalSection(ProjectConfigurationPlatforms) = postSolution
		{BC3A8D1D-8BB0-4BA8-B3A9-93801B6160BB}.Debug|Any CPU.ActiveCfg = Debug|Any CPU
		{BC3A8D1D-8BB0-4BA8-B3A9-93801B6160BB}.Debug|Any CPU.Build.0 = Debug|Any CPU
		{BC3A8D1D-8BB0-4BA8-B3A9-93801B6160BB}.Release|Any CPU.ActiveCfg = Release|Any CPU
		{BC3A8D1D-8BB0-4BA8-B3A9-93801B6160BB}.Release|Any CPU.Build.0 = Release|Any CPU
	EndGlobalSection
	GlobalSection(SolutionProperties) = preSolution
		HideSolutionNode = FALSE
	EndGlobalSection
	GlobalSection(ExtensibilityGlobals) = postSolution
		SolutionGuid = {64455A8C-9ED7-4AD6-B83F-D6D2F781A90F}
	EndGlobalSection
EndGlobal
